// !$*UTF8*$!
{
	archiveVersion = 1;
	classes = {
	};
	objectVersion = 56;
	objects = {

/* Begin PBXBuildFile section */
		281F23C529666C64002B8FCA /* Kasto_Music_AppApp.swift in Sources */ = {isa = PBXBuildFile; fileRef = 281F23C429666C64002B8FCA /* Kasto_Music_AppApp.swift */; };
		281F23C729666C64002B8FCA /* ContentView.swift in Sources */ = {isa = PBXBuildFile; fileRef = 281F23C629666C64002B8FCA /* ContentView.swift */; };
		281F23C929666C67002B8FCA /* Assets.xcassets in Resources */ = {isa = PBXBuildFile; fileRef = 281F23C829666C67002B8FCA /* Assets.xcassets */; };
		281F23CC29666C67002B8FCA /* Preview Assets.xcassets in Resources */ = {isa = PBXBuildFile; fileRef = 281F23CB29666C67002B8FCA /* Preview Assets.xcassets */; };
		281F23CE29666C67002B8FCA /* Persistence.swift in Sources */ = {isa = PBXBuildFile; fileRef = 281F23CD29666C67002B8FCA /* Persistence.swift */; };
		281F23D129666C67002B8FCA /* Kasto_Music_App.xcdatamodeld in Sources */ = {isa = PBXBuildFile; fileRef = 281F23CF29666C67002B8FCA /* Kasto_Music_App.xcdatamodeld */; };
		281F23DB29666C67002B8FCA /* Kasto_Music_AppTests.swift in Sources */ = {isa = PBXBuildFile; fileRef = 281F23DA29666C67002B8FCA /* Kasto_Music_AppTests.swift */; };
		281F23E529666C67002B8FCA /* Kasto_Music_AppUITests.swift in Sources */ = {isa = PBXBuildFile; fileRef = 281F23E429666C67002B8FCA /* Kasto_Music_AppUITests.swift */; };
		281F23E729666C67002B8FCA /* Kasto_Music_AppUITestsLaunchTests.swift in Sources */ = {isa = PBXBuildFile; fileRef = 281F23E629666C67002B8FCA /* Kasto_Music_AppUITestsLaunchTests.swift */; };
/* End PBXBuildFile section */

/* Begin PBXContainerItemProxy section */
		281F23D729666C67002B8FCA /* PBXContainerItemProxy */ = {
			isa = PBXContainerItemProxy;
			containerPortal = 281F23B929666C64002B8FCA /* Project object */;
			proxyType = 1;
			remoteGlobalIDString = 281F23C029666C64002B8FCA;
			remoteInfo = Kasto_Music_App;
		};
		281F23E129666C67002B8FCA /* PBXContainerItemProxy */ = {
			isa = PBXContainerItemProxy;
			containerPortal = 281F23B929666C64002B8FCA /* Project object */;
			proxyType = 1;
			remoteGlobalIDString = 281F23C029666C64002B8FCA;
			remoteInfo = Kasto_Music_App;
		};
/* End PBXContainerItemProxy section */

/* Begin PBXFileReference section */
		281F23C129666C64002B8FCA /* Kasto_Music_App.app */ = {isa = PBXFileReference; explicitFileType = wrapper.application; includeInIndex = 0; path = Kasto_Music_App.app; sourceTree = BUILT_PRODUCTS_DIR; };
		281F23C429666C64002B8FCA /* Kasto_Music_AppApp.swift */ = {isa = PBXFileReference; lastKnownFileType = sourcecode.swift; path = Kasto_Music_AppApp.swift; sourceTree = "<group>"; };
		281F23C629666C64002B8FCA /* ContentView.swift */ = {isa = PBXFileReference; lastKnownFileType = sourcecode.swift; path = ContentView.swift; sourceTree = "<group>"; };
		281F23C829666C67002B8FCA /* Assets.xcassets */ = {isa = PBXFileReference; lastKnownFileType = folder.assetcatalog; path = Assets.xcassets; sourceTree = "<group>"; };
		281F23CB29666C67002B8FCA /* Preview Assets.xcassets */ = {isa = PBXFileReference; lastKnownFileType = folder.assetcatalog; path = "Preview Assets.xcassets"; sourceTree = "<group>"; };
		281F23CD29666C67002B8FCA /* Persistence.swift */ = {isa = PBXFileReference; lastKnownFileType = sourcecode.swift; path = Persistence.swift; sourceTree = "<group>"; };
		281F23D029666C67002B8FCA /* Kasto_Music_App.xcdatamodel */ = {isa = PBXFileReference; lastKnownFileType = wrapper.xcdatamodel; path = Kasto_Music_App.xcdatamodel; sourceTree = "<group>"; };
		281F23D629666C67002B8FCA /* Kasto_Music_AppTests.xctest */ = {isa = PBXFileReference; explicitFileType = wrapper.cfbundle; includeInIndex = 0; path = Kasto_Music_AppTests.xctest; sourceTree = BUILT_PRODUCTS_DIR; };
		281F23DA29666C67002B8FCA /* Kasto_Music_AppTests.swift */ = {isa = PBXFileReference; lastKnownFileType = sourcecode.swift; path = Kasto_Music_AppTests.swift; sourceTree = "<group>"; };
		281F23E029666C67002B8FCA /* Kasto_Music_AppUITests.xctest */ = {isa = PBXFileReference; explicitFileType = wrapper.cfbundle; includeInIndex = 0; path = Kasto_Music_AppUITests.xctest; sourceTree = BUILT_PRODUCTS_DIR; };
		281F23E429666C67002B8FCA /* Kasto_Music_AppUITests.swift */ = {isa = PBXFileReference; lastKnownFileType = sourcecode.swift; path = Kasto_Music_AppUITests.swift; sourceTree = "<group>"; };
		281F23E629666C67002B8FCA /* Kasto_Music_AppUITestsLaunchTests.swift */ = {isa = PBXFileReference; lastKnownFileType = sourcecode.swift; path = Kasto_Music_AppUITestsLaunchTests.swift; sourceTree = "<group>"; };
/* End PBXFileReference section */

/* Begin PBXFrameworksBuildPhase section */
		281F23BE29666C64002B8FCA /* Frameworks */ = {
			isa = PBXFrameworksBuildPhase;
			buildActionMask = 2147483647;
			files = (
			);
			runOnlyForDeploymentPostprocessing = 0;
		};
		281F23D329666C67002B8FCA /* Frameworks */ = {
			isa = PBXFrameworksBuildPhase;
			buildActionMask = 2147483647;
			files = (
			);
			runOnlyForDeploymentPostprocessing = 0;
		};
		281F23DD29666C67002B8FCA /* Frameworks */ = {
			isa = PBXFrameworksBuildPhase;
			buildActionMask = 2147483647;
			files = (
			);
			runOnlyForDeploymentPostprocessing = 0;
		};
/* End PBXFrameworksBuildPhase section */

/* Begin PBXGroup section */
		281F23B829666C64002B8FCA = {
			isa = PBXGroup;
			children = (
				281F23C329666C64002B8FCA /* Kasto_Music_App */,
				281F23D929666C67002B8FCA /* Kasto_Music_AppTests */,
				281F23E329666C67002B8FCA /* Kasto_Music_AppUITests */,
				281F23C229666C64002B8FCA /* Products */,
			);
			sourceTree = "<group>";
		};
		281F23C229666C64002B8FCA /* Products */ = {
			isa = PBXGroup;
			children = (
				281F23C129666C64002B8FCA /* Kasto_Music_App.app */,
				281F23D629666C67002B8FCA /* Kasto_Music_AppTests.xctest */,
				281F23E029666C67002B8FCA /* Kasto_Music_AppUITests.xctest */,
			);
			name = Products;
			sourceTree = "<group>";
		};
		281F23C329666C64002B8FCA /* Kasto_Music_App */ = {
			isa = PBXGroup;
			children = (
				281F23C429666C64002B8FCA /* Kasto_Music_AppApp.swift */,
				281F23C629666C64002B8FCA /* ContentView.swift */,
				281F23C829666C67002B8FCA /* Assets.xcassets */,
				281F23CD29666C67002B8FCA /* Persistence.swift */,
				281F23CF29666C67002B8FCA /* Kasto_Music_App.xcdatamodeld */,
				281F23CA29666C67002B8FCA /* Preview Content */,
			);
			path = Kasto_Music_App;
			sourceTree = "<group>";
		};
		281F23CA29666C67002B8FCA /* Preview Content */ = {
			isa = PBXGroup;
			children = (
				281F23CB29666C67002B8FCA /* Preview Assets.xcassets */,
			);
			path = "Preview Content";
			sourceTree = "<group>";
		};
		281F23D929666C67002B8FCA /* Kasto_Music_AppTests */ = {
			isa = PBXGroup;
			children = (
				281F23DA29666C67002B8FCA /* Kasto_Music_AppTests.swift */,
			);
			path = Kasto_Music_AppTests;
			sourceTree = "<group>";
		};
		281F23E329666C67002B8FCA /* Kasto_Music_AppUITests */ = {
			isa = PBXGroup;
			children = (
				281F23E429666C67002B8FCA /* Kasto_Music_AppUITests.swift */,
				281F23E629666C67002B8FCA /* Kasto_Music_AppUITestsLaunchTests.swift */,
			);
			path = Kasto_Music_AppUITests;
			sourceTree = "<group>";
		};
/* End PBXGroup section */

/* Begin PBXNativeTarget section */
		281F23C029666C64002B8FCA /* Kasto_Music_App */ = {
			isa = PBXNativeTarget;
			buildConfigurationList = 281F23EA29666C67002B8FCA /* Build configuration list for PBXNativeTarget "Kasto_Music_App" */;
			buildPhases = (
				281F23BD29666C64002B8FCA /* Sources */,
				281F23BE29666C64002B8FCA /* Frameworks */,
				281F23BF29666C64002B8FCA /* Resources */,
			);
			buildRules = (
			);
			dependencies = (
			);
			name = Kasto_Music_App;
			productName = Kasto_Music_App;
			productReference = 281F23C129666C64002B8FCA /* Kasto_Music_App.app */;
			productType = "com.apple.product-type.application";
		};
		281F23D529666C67002B8FCA /* Kasto_Music_AppTests */ = {
			isa = PBXNativeTarget;
			buildConfigurationList = 281F23ED29666C67002B8FCA /* Build configuration list for PBXNativeTarget "Kasto_Music_AppTests" */;
			buildPhases = (
				281F23D229666C67002B8FCA /* Sources */,
				281F23D329666C67002B8FCA /* Frameworks */,
				281F23D429666C67002B8FCA /* Resources */,
			);
			buildRules = (
			);
			dependencies = (
				281F23D829666C67002B8FCA /* PBXTargetDependency */,
			);
			name = Kasto_Music_AppTests;
			productName = Kasto_Music_AppTests;
			productReference = 281F23D629666C67002B8FCA /* Kasto_Music_AppTests.xctest */;
			productType = "com.apple.product-type.bundle.unit-test";
		};
		281F23DF29666C67002B8FCA /* Kasto_Music_AppUITests */ = {
			isa = PBXNativeTarget;
			buildConfigurationList = 281F23F029666C67002B8FCA /* Build configuration list for PBXNativeTarget "Kasto_Music_AppUITests" */;
			buildPhases = (
				281F23DC29666C67002B8FCA /* Sources */,
				281F23DD29666C67002B8FCA /* Frameworks */,
				281F23DE29666C67002B8FCA /* Resources */,
			);
			buildRules = (
			);
			dependencies = (
				281F23E229666C67002B8FCA /* PBXTargetDependency */,
			);
			name = Kasto_Music_AppUITests;
			productName = Kasto_Music_AppUITests;
			productReference = 281F23E029666C67002B8FCA /* Kasto_Music_AppUITests.xctest */;
			productType = "com.apple.product-type.bundle.ui-testing";
		};
/* End PBXNativeTarget section */

/* Begin PBXProject section */
		281F23B929666C64002B8FCA /* Project object */ = {
			isa = PBXProject;
			attributes = {
				BuildIndependentTargetsInParallel = 1;
				LastSwiftUpdateCheck = 1400;
				LastUpgradeCheck = 1400;
				TargetAttributes = {
					281F23C029666C64002B8FCA = {
						CreatedOnToolsVersion = 14.0;
					};
					281F23D529666C67002B8FCA = {
						CreatedOnToolsVersion = 14.0;
						TestTargetID = 281F23C029666C64002B8FCA;
					};
					281F23DF29666C67002B8FCA = {
						CreatedOnToolsVersion = 14.0;
						TestTargetID = 281F23C029666C64002B8FCA;
					};
				};
			};
			buildConfigurationList = 281F23BC29666C64002B8FCA /* Build configuration list for PBXProject "Kasto_Music_App" */;
			compatibilityVersion = "Xcode 14.0";
			developmentRegion = en;
			hasScannedForEncodings = 0;
			knownRegions = (
				en,
				Base,
			);
			mainGroup = 281F23B829666C64002B8FCA;
			productRefGroup = 281F23C229666C64002B8FCA /* Products */;
			projectDirPath = "";
			projectRoot = "";
			targets = (
				281F23C029666C64002B8FCA /* Kasto_Music_App */,
				281F23D529666C67002B8FCA /* Kasto_Music_AppTests */,
				281F23DF29666C67002B8FCA /* Kasto_Music_AppUITests */,
			);
		};
/* End PBXProject section */

/* Begin PBXResourcesBuildPhase section */
		281F23BF29666C64002B8FCA /* Resources */ = {
			isa = PBXResourcesBuildPhase;
			buildActionMask = 2147483647;
			files = (
				281F23CC29666C67002B8FCA /* Preview Assets.xcassets in Resources */,
				281F23C929666C67002B8FCA /* Assets.xcassets in Resources */,
			);
			runOnlyForDeploymentPostprocessing = 0;
		};
		281F23D429666C67002B8FCA /* Resources */ = {
			isa = PBXResourcesBuildPhase;
			buildActionMask = 2147483647;
			files = (
			);
			runOnlyForDeploymentPostprocessing = 0;
		};
		281F23DE29666C67002B8FCA /* Resources */ = {
			isa = PBXResourcesBuildPhase;
			buildActionMask = 2147483647;
			files = (
			);
			runOnlyForDeploymentPostprocessing = 0;
		};
/* End PBXResourcesBuildPhase section */

/* Begin PBXSourcesBuildPhase section */
		281F23BD29666C64002B8FCA /* Sources */ = {
			isa = PBXSourcesBuildPhase;
			buildActionMask = 2147483647;
			files = (
				281F23CE29666C67002B8FCA /* Persistence.swift in Sources */,
				281F23C729666C64002B8FCA /* ContentView.swift in Sources */,
				281F23D129666C67002B8FCA /* Kasto_Music_App.xcdatamodeld in Sources */,
				281F23C529666C64002B8FCA /* Kasto_Music_AppApp.swift in Sources */,
			);
			runOnlyForDeploymentPostprocessing = 0;
		};
		281F23D229666C67002B8FCA /* Sources */ = {
			isa = PBXSourcesBuildPhase;
			buildActionMask = 2147483647;
			files = (
				281F23DB29666C67002B8FCA /* Kasto_Music_AppTests.swift in Sources */,
			);
			runOnlyForDeploymentPostprocessing = 0;
		};
		281F23DC29666C67002B8FCA /* Sources */ = {
			isa = PBXSourcesBuildPhase;
			buildActionMask = 2147483647;
			files = (
				281F23E529666C67002B8FCA /* Kasto_Music_AppUITests.swift in Sources */,
				281F23E729666C67002B8FCA /* Kasto_Music_AppUITestsLaunchTests.swift in Sources */,
			);
			runOnlyForDeploymentPostprocessing = 0;
		};
/* End PBXSourcesBuildPhase section */

/* Begin PBXTargetDependency section */
		281F23D829666C67002B8FCA /* PBXTargetDependency */ = {
			isa = PBXTargetDependency;
			target = 281F23C029666C64002B8FCA /* Kasto_Music_App */;
			targetProxy = 281F23D729666C67002B8FCA /* PBXContainerItemProxy */;
		};
		281F23E229666C67002B8FCA /* PBXTargetDependency */ = {
			isa = PBXTargetDependency;
			target = 281F23C029666C64002B8FCA /* Kasto_Music_App */;
			targetProxy = 281F23E129666C67002B8FCA /* PBXContainerItemProxy */;
		};
/* End PBXTargetDependency section */

/* Begin XCBuildConfiguration section */
		281F23E829666C67002B8FCA /* Debug */ = {
			isa = XCBuildConfiguration;
			buildSettings = {
				ALWAYS_SEARCH_USER_PATHS = NO;
				CLANG_ANALYZER_NONNULL = YES;
				CLANG_ANALYZER_NUMBER_OBJECT_CONVERSION = YES_AGGRESSIVE;
				CLANG_CXX_LANGUAGE_STANDARD = "gnu++20";
				CLANG_ENABLE_MODULES = YES;
				CLANG_ENABLE_OBJC_ARC = YES;
				CLANG_ENABLE_OBJC_WEAK = YES;
				CLANG_WARN_BLOCK_CAPTURE_AUTORELEASING = YES;
				CLANG_WARN_BOOL_CONVERSION = YES;
				CLANG_WARN_COMMA = YES;
				CLANG_WARN_CONSTANT_CONVERSION = YES;
				CLANG_WARN_DEPRECATED_OBJC_IMPLEMENTATIONS = YES;
				CLANG_WARN_DIRECT_OBJC_ISA_USAGE = YES_ERROR;
				CLANG_WARN_DOCUMENTATION_COMMENTS = YES;
				CLANG_WARN_EMPTY_BODY = YES;
				CLANG_WARN_ENUM_CONVERSION = YES;
				CLANG_WARN_INFINITE_RECURSION = YES;
				CLANG_WARN_INT_CONVERSION = YES;
				CLANG_WARN_NON_LITERAL_NULL_CONVERSION = YES;
				CLANG_WARN_OBJC_IMPLICIT_RETAIN_SELF = YES;
				CLANG_WARN_OBJC_LITERAL_CONVERSION = YES;
				CLANG_WARN_OBJC_ROOT_CLASS = YES_ERROR;
				CLANG_WARN_QUOTED_INCLUDE_IN_FRAMEWORK_HEADER = YES;
				CLANG_WARN_RANGE_LOOP_ANALYSIS = YES;
				CLANG_WARN_STRICT_PROTOTYPES = YES;
				CLANG_WARN_SUSPICIOUS_MOVE = YES;
				CLANG_WARN_UNGUARDED_AVAILABILITY = YES_AGGRESSIVE;
				CLANG_WARN_UNREACHABLE_CODE = YES;
				CLANG_WARN__DUPLICATE_METHOD_MATCH = YES;
				COPY_PHASE_STRIP = NO;
				DEBUG_INFORMATION_FORMAT = dwarf;
				ENABLE_STRICT_OBJC_MSGSEND = YES;
				ENABLE_TESTABILITY = YES;
				GCC_C_LANGUAGE_STANDARD = gnu11;
				GCC_DYNAMIC_NO_PIC = NO;
				GCC_NO_COMMON_BLOCKS = YES;
				GCC_OPTIMIZATION_LEVEL = 0;
				GCC_PREPROCESSOR_DEFINITIONS = (
					"DEBUG=1",
					"$(inherited)",
				);
				GCC_WARN_64_TO_32_BIT_CONVERSION = YES;
				GCC_WARN_ABOUT_RETURN_TYPE = YES_ERROR;
				GCC_WARN_UNDECLARED_SELECTOR = YES;
				GCC_WARN_UNINITIALIZED_AUTOS = YES_AGGRESSIVE;
				GCC_WARN_UNUSED_FUNCTION = YES;
				GCC_WARN_UNUSED_VARIABLE = YES;
				IPHONEOS_DEPLOYMENT_TARGET = 16.0;
				MTL_ENABLE_DEBUG_INFO = INCLUDE_SOURCE;
				MTL_FAST_MATH = YES;
				ONLY_ACTIVE_ARCH = YES;
				SDKROOT = iphoneos;
				SWIFT_ACTIVE_COMPILATION_CONDITIONS = DEBUG;
				SWIFT_OPTIMIZATION_LEVEL = "-Onone";
			};
			name = Debug;
		};
		281F23E929666C67002B8FCA /* Release */ = {
			isa = XCBuildConfiguration;
			buildSettings = {
				ALWAYS_SEARCH_USER_PATHS = NO;
				CLANG_ANALYZER_NONNULL = YES;
				CLANG_ANALYZER_NUMBER_OBJECT_CONVERSION = YES_AGGRESSIVE;
				CLANG_CXX_LANGUAGE_STANDARD = "gnu++20";
				CLANG_ENABLE_MODULES = YES;
				CLANG_ENABLE_OBJC_ARC = YES;
				CLANG_ENABLE_OBJC_WEAK = YES;
				CLANG_WARN_BLOCK_CAPTURE_AUTORELEASING = YES;
				CLANG_WARN_BOOL_CONVERSION = YES;
				CLANG_WARN_COMMA = YES;
				CLANG_WARN_CONSTANT_CONVERSION = YES;
				CLANG_WARN_DEPRECATED_OBJC_IMPLEMENTATIONS = YES;
				CLANG_WARN_DIRECT_OBJC_ISA_USAGE = YES_ERROR;
				CLANG_WARN_DOCUMENTATION_COMMENTS = YES;
				CLANG_WARN_EMPTY_BODY = YES;
				CLANG_WARN_ENUM_CONVERSION = YES;
				CLANG_WARN_INFINITE_RECURSION = YES;
				CLANG_WARN_INT_CONVERSION = YES;
				CLANG_WARN_NON_LITERAL_NULL_CONVERSION = YES;
				CLANG_WARN_OBJC_IMPLICIT_RETAIN_SELF = YES;
				CLANG_WARN_OBJC_LITERAL_CONVERSION = YES;
				CLANG_WARN_OBJC_ROOT_CLASS = YES_ERROR;
				CLANG_WARN_QUOTED_INCLUDE_IN_FRAMEWORK_HEADER = YES;
				CLANG_WARN_RANGE_LOOP_ANALYSIS = YES;
				CLANG_WARN_STRICT_PROTOTYPES = YES;
				CLANG_WARN_SUSPICIOUS_MOVE = YES;
				CLANG_WARN_UNGUARDED_AVAILABILITY = YES_AGGRESSIVE;
				CLANG_WARN_UNREACHABLE_CODE = YES;
				CLANG_WARN__DUPLICATE_METHOD_MATCH = YES;
				COPY_PHASE_STRIP = NO;
				DEBUG_INFORMATION_FORMAT = "dwarf-with-dsym";
				ENABLE_NS_ASSERTIONS = NO;
				ENABLE_STRICT_OBJC_MSGSEND = YES;
				GCC_C_LANGUAGE_STANDARD = gnu11;
				GCC_NO_COMMON_BLOCKS = YES;
				GCC_WARN_64_TO_32_BIT_CONVERSION = YES;
				GCC_WARN_ABOUT_RETURN_TYPE = YES_ERROR;
				GCC_WARN_UNDECLARED_SELECTOR = YES;
				GCC_WARN_UNINITIALIZED_AUTOS = YES_AGGRESSIVE;
				GCC_WARN_UNUSED_FUNCTION = YES;
				GCC_WARN_UNUSED_VARIABLE = YES;
				IPHONEOS_DEPLOYMENT_TARGET = 16.0;
				MTL_ENABLE_DEBUG_INFO = NO;
				MTL_FAST_MATH = YES;
				SDKROOT = iphoneos;
				SWIFT_COMPILATION_MODE = wholemodule;
				SWIFT_OPTIMIZATION_LEVEL = "-O";
				VALIDATE_PRODUCT = YES;
			};
			name = Release;
		};
		281F23EB29666C67002B8FCA /* Debug */ = {
			isa = XCBuildConfiguration;
			buildSettings = {
				ASSETCATALOG_COMPILER_APPICON_NAME = AppIcon;
				ASSETCATALOG_COMPILER_GLOBAL_ACCENT_COLOR_NAME = AccentColor;
				CODE_SIGN_STYLE = Automatic;
				CURRENT_PROJECT_VERSION = 1;
				DEVELOPMENT_ASSET_PATHS = "\"Kasto_Music_App/Preview Content\"";
				DEVELOPMENT_TEAM = 35LXAY27FM;
				ENABLE_PREVIEWS = YES;
				GENERATE_INFOPLIST_FILE = YES;
				INFOPLIST_KEY_UIApplicationSceneManifest_Generation = YES;
				INFOPLIST_KEY_UIApplicationSupportsIndirectInputEvents = YES;
				INFOPLIST_KEY_UILaunchScreen_Generation = YES;
				INFOPLIST_KEY_UISupportedInterfaceOrientations_iPad = "UIInterfaceOrientationPortrait UIInterfaceOrientationPortraitUpsideDown UIInterfaceOrientationLandscapeLeft UIInterfaceOrientationLandscapeRight";
				INFOPLIST_KEY_UISupportedInterfaceOrientations_iPhone = "UIInterfaceOrientationPortrait UIInterfaceOrientationLandscapeLeft UIInterfaceOrientationLandscapeRight";
				LD_RUNPATH_SEARCH_PATHS = (
					"$(inherited)",
					"@executable_path/Frameworks",
				);
				MARKETING_VERSION = 1.0;
				PRODUCT_BUNDLE_IDENTIFIER = "com.JustinJordan.Kasto-Music-App";
				PRODUCT_NAME = "$(TARGET_NAME)";
				SWIFT_EMIT_LOC_STRINGS = YES;
				SWIFT_VERSION = 5.0;
				TARGETED_DEVICE_FAMILY = "1,2";
			};
			name = Debug;
		};
		281F23EC29666C67002B8FCA /* Release */ = {
			isa = XCBuildConfiguration;
			buildSettings = {
				ASSETCATALOG_COMPILER_APPICON_NAME = AppIcon;
				ASSETCATALOG_COMPILER_GLOBAL_ACCENT_COLOR_NAME = AccentColor;
				CODE_SIGN_STYLE = Automatic;
				CURRENT_PROJECT_VERSION = 1;
				DEVELOPMENT_ASSET_PATHS = "\"Kasto_Music_App/Preview Content\"";
				DEVELOPMENT_TEAM = 35LXAY27FM;
				ENABLE_PREVIEWS = YES;
				GENERATE_INFOPLIST_FILE = YES;
				INFOPLIST_KEY_UIApplicationSceneManifest_Generation = YES;
				INFOPLIST_KEY_UIApplicationSupportsIndirectInputEvents = YES;
				INFOPLIST_KEY_UILaunchScreen_Generation = YES;
				INFOPLIST_KEY_UISupportedInterfaceOrientations_iPad = "UIInterfaceOrientationPortrait UIInterfaceOrientationPortraitUpsideDown UIInterfaceOrientationLandscapeLeft UIInterfaceOrientationLandscapeRight";
				INFOPLIST_KEY_UISupportedInterfaceOrientations_iPhone = "UIInterfaceOrientationPortrait UIInterfaceOrientationLandscapeLeft UIInterfaceOrientationLandscapeRight";
				LD_RUNPATH_SEARCH_PATHS = (
					"$(inherited)",
					"@executable_path/Frameworks",
				);
				MARKETING_VERSION = 1.0;
				PRODUCT_BUNDLE_IDENTIFIER = "com.JustinJordan.Kasto-Music-App";
				PRODUCT_NAME = "$(TARGET_NAME)";
				SWIFT_EMIT_LOC_STRINGS = YES;
				SWIFT_VERSION = 5.0;
				TARGETED_DEVICE_FAMILY = "1,2";
			};
			name = Release;
		};
		281F23EE29666C67002B8FCA /* Debug */ = {
			isa = XCBuildConfiguration;
			buildSettings = {
				ALWAYS_EMBED_SWIFT_STANDARD_LIBRARIES = YES;
				BUNDLE_LOADER = "$(TEST_HOST)";
				CODE_SIGN_STYLE = Automatic;
				CURRENT_PROJECT_VERSION = 1;
				DEVELOPMENT_TEAM = 35LXAY27FM;
				GENERATE_INFOPLIST_FILE = YES;
				IPHONEOS_DEPLOYMENT_TARGET = 16.0;
				MARKETING_VERSION = 1.0;
				PRODUCT_BUNDLE_IDENTIFIER = "com.JustinJordan.Kasto-Music-AppTests";
				PRODUCT_NAME = "$(TARGET_NAME)";
				SWIFT_EMIT_LOC_STRINGS = NO;
				SWIFT_VERSION = 5.0;
				TARGETED_DEVICE_FAMILY = "1,2";
				TEST_HOST = "$(BUILT_PRODUCTS_DIR)/Kasto_Music_App.app/$(BUNDLE_EXECUTABLE_FOLDER_PATH)/Kasto_Music_App";
			};
			name = Debug;
		};
		281F23EF29666C67002B8FCA /* Release */ = {
			isa = XCBuildConfiguration;
			buildSettings = {
				ALWAYS_EMBED_SWIFT_STANDARD_LIBRARIES = YES;
				BUNDLE_LOADER = "$(TEST_HOST)";
				CODE_SIGN_STYLE = Automatic;
				CURRENT_PROJECT_VERSION = 1;
				DEVELOPMENT_TEAM = 35LXAY27FM;
				GENERATE_INFOPLIST_FILE = YES;
				IPHONEOS_DEPLOYMENT_TARGET = 16.0;
				MARKETING_VERSION = 1.0;
				PRODUCT_BUNDLE_IDENTIFIER = "com.JustinJordan.Kasto-Music-AppTests";
				PRODUCT_NAME = "$(TARGET_NAME)";
				SWIFT_EMIT_LOC_STRINGS = NO;
				SWIFT_VERSION = 5.0;
				TARGETED_DEVICE_FAMILY = "1,2";
				TEST_HOST = "$(BUILT_PRODUCTS_DIR)/Kasto_Music_App.app/$(BUNDLE_EXECUTABLE_FOLDER_PATH)/Kasto_Music_App";
			};
			name = Release;
		};
		281F23F129666C67002B8FCA /* Debug */ = {
			isa = XCBuildConfiguration;
			buildSettings = {
				ALWAYS_EMBED_SWIFT_STANDARD_LIBRARIES = YES;
				CODE_SIGN_STYLE = Automatic;
				CURRENT_PROJECT_VERSION = 1;
				DEVELOPMENT_TEAM = 35LXAY27FM;
				GENERATE_INFOPLIST_FILE = YES;
				MARKETING_VERSION = 1.0;
				PRODUCT_BUNDLE_IDENTIFIER = "com.JustinJordan.Kasto-Music-AppUITests";
				PRODUCT_NAME = "$(TARGET_NAME)";
				SWIFT_EMIT_LOC_STRINGS = NO;
				SWIFT_VERSION = 5.0;
				TARGETED_DEVICE_FAMILY = "1,2";
				TEST_TARGET_NAME = Kasto_Music_App;
			};
			name = Debug;
		};
		281F23F229666C67002B8FCA /* Release */ = {
			isa = XCBuildConfiguration;
			buildSettings = {
				ALWAYS_EMBED_SWIFT_STANDARD_LIBRARIES = YES;
				CODE_SIGN_STYLE = Automatic;
				CURRENT_PROJECT_VERSION = 1;
				DEVELOPMENT_TEAM = 35LXAY27FM;
				GENERATE_INFOPLIST_FILE = YES;
				MARKETING_VERSION = 1.0;
				PRODUCT_BUNDLE_IDENTIFIER = "com.JustinJordan.Kasto-Music-AppUITests";
				PRODUCT_NAME = "$(TARGET_NAME)";
				SWIFT_EMIT_LOC_STRINGS = NO;
				SWIFT_VERSION = 5.0;
				TARGETED_DEVICE_FAMILY = "1,2";
				TEST_TARGET_NAME = Kasto_Music_App;
			};
			name = Release;
		};
/* End XCBuildConfiguration section */

/* Begin XCConfigurationList section */
		281F23BC29666C64002B8FCA /* Build configuration list for PBXProject "Kasto_Music_App" */ = {
			isa = XCConfigurationList;
			buildConfigurations = (
				281F23E829666C67002B8FCA /* Debug */,
				281F23E929666C67002B8FCA /* Release */,
			);
			defaultConfigurationIsVisible = 0;
			defaultConfigurationName = Release;
		};
		281F23EA29666C67002B8FCA /* Build configuration list for PBXNativeTarget "Kasto_Music_App" */ = {
			isa = XCConfigurationList;
			buildConfigurations = (
				281F23EB29666C67002B8FCA /* Debug */,
				281F23EC29666C67002B8FCA /* Release */,
			);
			defaultConfigurationIsVisible = 0;
			defaultConfigurationName = Release;
		};
		281F23ED29666C67002B8FCA /* Build configuration list for PBXNativeTarget "Kasto_Music_AppTests" */ = {
			isa = XCConfigurationList;
			buildConfigurations = (
				281F23EE29666C67002B8FCA /* Debug */,
				281F23EF29666C67002B8FCA /* Release */,
			);
			defaultConfigurationIsVisible = 0;
			defaultConfigurationName = Release;
		};
		281F23F029666C67002B8FCA /* Build configuration list for PBXNativeTarget "Kasto_Music_AppUITests" */ = {
			isa = XCConfigurationList;
			buildConfigurations = (
				281F23F129666C67002B8FCA /* Debug */,
				281F23F229666C67002B8FCA /* Release */,
			);
			defaultConfigurationIsVisible = 0;
			defaultConfigurationName = Release;
		};
/* End XCConfigurationList section */

/* Begin XCVersionGroup section */
		281F23CF29666C67002B8FCA /* Kasto_Music_App.xcdatamodeld */ = {
			isa = XCVersionGroup;
			children = (
				281F23D029666C67002B8FCA /* Kasto_Music_App.xcdatamodel */,
			);
			currentVersion = 281F23D029666C67002B8FCA /* Kasto_Music_App.xcdatamodel */;
			path = Kasto_Music_App.xcdatamodeld;
			sourceTree = "<group>";
			versionGroupType = wrapper.xcdatamodel;
		};
/* End XCVersionGroup section */
	};
	rootObject = 281F23B929666C64002B8FCA /* Project object */;
}
